
Microsoft Visual Studio Solution File, Format Version 12.00
# Visual Studio 15
VisualStudioVersion = 15.0.26730.8
MinimumVisualStudioVersion = 10.0.40219.1
Project("{9A19103F-16F7-4668-BE54-9A1E7A4F7556}") = "TilesNav.AureliaFrontend", "TilesNav.AureliaFrontend\TilesNav.AureliaFrontend.csproj", "{E17EF9B7-70EE-464E-BAD3-CCDF1D876241}"
EndProject
Project("{9A19103F-16F7-4668-BE54-9A1E7A4F7556}") = "TilesNav.Api", "TilesNav.Api\TilesNav.Api.csproj", "{6022E5C4-4118-43FF-97B3-36F5CE8384EA}"
EndProject
Project("{2150E333-8FDC-42A3-9474-1A3956D46DE8}") = "Solution Items", "Solution Items", "{8F7E7041-B793-48C2-93CD-C24898FC900E}"
	ProjectSection(SolutionItems) = preProject
		README.md = README.md
	EndProjectSection
EndProject
Project("{9A19103F-16F7-4668-BE54-9A1E7A4F7556}") = "TilesNav.Persistence.SqlServer", "TilesNav.Persistence.SqlServer\TilesNav.Persistence.SqlServer.csproj", "{2451B256-F7DF-42B1-A42E-54F708301005}"
EndProject
Project("{9A19103F-16F7-4668-BE54-9A1E7A4F7556}") = "TilesNav.Model", "TilesNav.Model\TilesNav.Model.csproj", "{2202616A-F1E7-4150-926A-968EBAAB61E6}"
EndProject
Project("{9A19103F-16F7-4668-BE54-9A1E7A4F7556}") = "TilesNav.Core", "TilesNav.Core\TilesNav.Core.csproj", "{EAAF83DF-A4D6-41D1-B6CD-2BCC7B02AC78}"
EndProject
Project("{2150E333-8FDC-42A3-9474-1A3956D46DE8}") = "Test", "Test", "{BC2A5548-0F6C-43E1-9E08-305B7C73981E}"
EndProject
Project("{FAE04EC0-301F-11D3-BF4B-00C04F79EFBC}") = "TilesNav.Core.Test", "TilesNav.Core.Test\TilesNav.Core.Test.csproj", "{0F8E9B87-5375-4287-815B-CF46A065C0F4}"
EndProject
Global
	GlobalSection(SolutionConfigurationPlatforms) = preSolution
		Debug|Any CPU = Debug|Any CPU
		Release|Any CPU = Release|Any CPU
	EndGlobalSection
	GlobalSection(ProjectConfigurationPlatforms) = postSolution
		{E17EF9B7-70EE-464E-BAD3-CCDF1D876241}.Debug|Any CPU.ActiveCfg = Debug|Any CPU
		{E17EF9B7-70EE-464E-BAD3-CCDF1D876241}.Debug|Any CPU.Build.0 = Debug|Any CPU
		{E17EF9B7-70EE-464E-BAD3-CCDF1D876241}.Release|Any CPU.ActiveCfg = Release|Any CPU
		{E17EF9B7-70EE-464E-BAD3-CCDF1D876241}.Release|Any CPU.Build.0 = Release|Any CPU
		{6022E5C4-4118-43FF-97B3-36F5CE8384EA}.Debug|Any CPU.ActiveCfg = Debug|Any CPU
		{6022E5C4-4118-43FF-97B3-36F5CE8384EA}.Debug|Any CPU.Build.0 = Debug|Any CPU
		{6022E5C4-4118-43FF-97B3-36F5CE8384EA}.Release|Any CPU.ActiveCfg = Release|Any CPU
		{6022E5C4-4118-43FF-97B3-36F5CE8384EA}.Release|Any CPU.Build.0 = Release|Any CPU
		{2451B256-F7DF-42B1-A42E-54F708301005}.Debug|Any CPU.ActiveCfg = Debug|Any CPU
		{2451B256-F7DF-42B1-A42E-54F708301005}.Debug|Any CPU.Build.0 = Debug|Any CPU
		{2451B256-F7DF-42B1-A42E-54F708301005}.Release|Any CPU.ActiveCfg = Release|Any CPU
		{2451B256-F7DF-42B1-A42E-54F708301005}.Release|Any CPU.Build.0 = Release|Any CPU
		{2202616A-F1E7-4150-926A-968EBAAB61E6}.Debug|Any CPU.ActiveCfg = Debug|Any CPU
		{2202616A-F1E7-4150-926A-968EBAAB61E6}.Debug|Any CPU.Build.0 = Debug|Any CPU
		{2202616A-F1E7-4150-926A-968EBAAB61E6}.Release|Any CPU.ActiveCfg = Release|Any CPU
		{2202616A-F1E7-4150-926A-968EBAAB61E6}.Release|Any CPU.Build.0 = Release|Any CPU
		{EAAF83DF-A4D6-41D1-B6CD-2BCC7B02AC78}.Debug|Any CPU.ActiveCfg = Debug|Any CPU
		{EAAF83DF-A4D6-41D1-B6CD-2BCC7B02AC78}.Debug|Any CPU.Build.0 = Debug|Any CPU
		{EAAF83DF-A4D6-41D1-B6CD-2BCC7B02AC78}.Release|Any CPU.ActiveCfg = Release|Any CPU
		{EAAF83DF-A4D6-41D1-B6CD-2BCC7B02AC78}.Release|Any CPU.Build.0 = Release|Any CPU
		{0F8E9B87-5375-4287-815B-CF46A065C0F4}.Debug|Any CPU.ActiveCfg = Debug|Any CPU
		{0F8E9B87-5375-4287-815B-CF46A065C0F4}.Debug|Any CPU.Build.0 = Debug|Any CPU
		{0F8E9B87-5375-4287-815B-CF46A065C0F4}.Release|Any CPU.ActiveCfg = Release|Any CPU
		{0F8E9B87-5375-4287-815B-CF46A065C0F4}.Release|Any CPU.Build.0 = Release|Any CPU
	EndGlobalSection
	GlobalSection(SolutionProperties) = preSolution
		HideSolutionNode = FALSE
	EndGlobalSection
	GlobalSection(NestedProjects) = preSolution
		{0F8E9B87-5375-4287-815B-CF46A065C0F4} = {BC2A5548-0F6C-43E1-9E08-305B7C73981E}
	EndGlobalSection
	GlobalSection(ExtensibilityGlobals) = postSolution
		SolutionGuid = {9E44DC34-A853-4564-85ED-CE88388C3F80}
	EndGlobalSection
EndGlobal
